
Microsoft Visual Studio Solution File, Format Version 12.00
# Visual Studio 15
VisualStudioVersion = 15.0.27703.2035
MinimumVisualStudioVersion = 10.0.40219.1
Project("{FAE04EC0-301F-11D3-BF4B-00C04F79EFBC}") = "Course Project Testing", "Course Project Testing\Course Project Testing.csproj", "{9E2437A5-8AE5-40DE-BD78-56DE34940FB8}"
EndProject
Global
	GlobalSection(SolutionConfigurationPlatforms) = preSolution
		Debug|Any CPU = Debug|Any CPU
		Release|Any CPU = Release|Any CPU
	EndGlobalSection
	GlobalSection(ProjectConfigurationPlatforms) = postSolution
		{9E2437A5-8AE5-40DE-BD78-56DE34940FB8}.Debug|Any CPU.ActiveCfg = Debug|Any CPU
		{9E2437A5-8AE5-40DE-BD78-56DE34940FB8}.Debug|Any CPU.Build.0 = Debug|Any CPU
		{9E2437A5-8AE5-40DE-BD78-56DE34940FB8}.Release|Any CPU.ActiveCfg = Release|Any CPU
		{9E2437A5-8AE5-40DE-BD78-56DE34940FB8}.Release|Any CPU.Build.0 = Release|Any CPU
	EndGlobalSection
	GlobalSection(SolutionProperties) = preSolution
		HideSolutionNode = FALSE
	EndGlobalSection
	GlobalSection(ExtensibilityGlobals) = postSolution
		SolutionGuid = {3AF37C23-0CF6-4191-8D51-6C6D70AF9346}
	EndGlobalSection
EndGlobal
